
Microsoft Visual Studio Solution File, Format Version 12.00
# Visual Studio Version 17
VisualStudioVersion = 17.0.31903.59
MinimumVisualStudioVersion = 10.0.40219.1
Project("{FAE04EC0-301F-11D3-BF4B-00C04F79EFBC}") = "DhanakTrinket.Api", "DhanakTrinket.Api\DhanakTrinket.Api.csproj", "{09EFF82C-B496-43A3-A2DF-C0654A40F5A3}"
EndProject
Project("{FAE04EC0-301F-11D3-BF4B-00C04F79EFBC}") = "DhanakTrinket.Core", "DhanakTrinket.Core\DhanakTrinket.Core.csproj", "{6F66D90C-8BD5-4DB4-B696-BC260E132A7B}"
EndProject
Project("{FAE04EC0-301F-11D3-BF4B-00C04F79EFBC}") = "DhanakTrinket.Infrastructure", "DhanakTrinket.Infrastructure\DhanakTrinket.Infrastructure.csproj", "{F233028B-FDFB-4FD4-B200-D14D3CD5632F}"
EndProject
Global
	GlobalSection(SolutionConfigurationPlatforms) = preSolution
		Debug|Any CPU = Debug|Any CPU
		Debug|x64 = Debug|x64
		Debug|x86 = Debug|x86
		Release|Any CPU = Release|Any CPU
		Release|x64 = Release|x64
		Release|x86 = Release|x86
	EndGlobalSection
	GlobalSection(ProjectConfigurationPlatforms) = postSolution
		{09EFF82C-B496-43A3-A2DF-C0654A40F5A3}.Debug|Any CPU.ActiveCfg = Debug|Any CPU
		{09EFF82C-B496-43A3-A2DF-C0654A40F5A3}.Debug|Any CPU.Build.0 = Debug|Any CPU
		{09EFF82C-B496-43A3-A2DF-C0654A40F5A3}.Debug|x64.ActiveCfg = Debug|Any CPU
		{09EFF82C-B496-43A3-A2DF-C0654A40F5A3}.Debug|x64.Build.0 = Debug|Any CPU
		{09EFF82C-B496-43A3-A2DF-C0654A40F5A3}.Debug|x86.ActiveCfg = Debug|Any CPU
		{09EFF82C-B496-43A3-A2DF-C0654A40F5A3}.Debug|x86.Build.0 = Debug|Any CPU
		{09EFF82C-B496-43A3-A2DF-C0654A40F5A3}.Release|Any CPU.ActiveCfg = Release|Any CPU
		{09EFF82C-B496-43A3-A2DF-C0654A40F5A3}.Release|Any CPU.Build.0 = Release|Any CPU
		{09EFF82C-B496-43A3-A2DF-C0654A40F5A3}.Release|x64.ActiveCfg = Release|Any CPU
		{09EFF82C-B496-43A3-A2DF-C0654A40F5A3}.Release|x64.Build.0 = Release|Any CPU
		{09EFF82C-B496-43A3-A2DF-C0654A40F5A3}.Release|x86.ActiveCfg = Release|Any CPU
		{09EFF82C-B496-43A3-A2DF-C0654A40F5A3}.Release|x86.Build.0 = Release|Any CPU
		{6F66D90C-8BD5-4DB4-B696-BC260E132A7B}.Debug|Any CPU.ActiveCfg = Debug|Any CPU
		{6F66D90C-8BD5-4DB4-B696-BC260E132A7B}.Debug|Any CPU.Build.0 = Debug|Any CPU
		{6F66D90C-8BD5-4DB4-B696-BC260E132A7B}.Debug|x64.ActiveCfg = Debug|Any CPU
		{6F66D90C-8BD5-4DB4-B696-BC260E132A7B}.Debug|x64.Build.0 = Debug|Any CPU
		{6F66D90C-8BD5-4DB4-B696-BC260E132A7B}.Debug|x86.ActiveCfg = Debug|Any CPU
		{6F66D90C-8BD5-4DB4-B696-BC260E132A7B}.Debug|x86.Build.0 = Debug|Any CPU
		{6F66D90C-8BD5-4DB4-B696-BC260E132A7B}.Release|Any CPU.ActiveCfg = Release|Any CPU
		{6F66D90C-8BD5-4DB4-B696-BC260E132A7B}.Release|Any CPU.Build.0 = Release|Any CPU
		{6F66D90C-8BD5-4DB4-B696-BC260E132A7B}.Release|x64.ActiveCfg = Release|Any CPU
		{6F66D90C-8BD5-4DB4-B696-BC260E132A7B}.Release|x64.Build.0 = Release|Any CPU
		{6F66D90C-8BD5-4DB4-B696-BC260E132A7B}.Release|x86.ActiveCfg = Release|Any CPU
		{6F66D90C-8BD5-4DB4-B696-BC260E132A7B}.Release|x86.Build.0 = Release|Any CPU
		{F233028B-FDFB-4FD4-B200-D14D3CD5632F}.Debug|Any CPU.ActiveCfg = Debug|Any CPU
		{F233028B-FDFB-4FD4-B200-D14D3CD5632F}.Debug|Any CPU.Build.0 = Debug|Any CPU
		{F233028B-FDFB-4FD4-B200-D14D3CD5632F}.Debug|x64.ActiveCfg = Debug|Any CPU
		{F233028B-FDFB-4FD4-B200-D14D3CD5632F}.Debug|x64.Build.0 = Debug|Any CPU
		{F233028B-FDFB-4FD4-B200-D14D3CD5632F}.Debug|x86.ActiveCfg = Debug|Any CPU
		{F233028B-FDFB-4FD4-B200-D14D3CD5632F}.Debug|x86.Build.0 = Debug|Any CPU
		{F233028B-FDFB-4FD4-B200-D14D3CD5632F}.Release|Any CPU.ActiveCfg = Release|Any CPU
		{F233028B-FDFB-4FD4-B200-D14D3CD5632F}.Release|Any CPU.Build.0 = Release|Any CPU
		{F233028B-FDFB-4FD4-B200-D14D3CD5632F}.Release|x64.ActiveCfg = Release|Any CPU
		{F233028B-FDFB-4FD4-B200-D14D3CD5632F}.Release|x64.Build.0 = Release|Any CPU
		{F233028B-FDFB-4FD4-B200-D14D3CD5632F}.Release|x86.ActiveCfg = Release|Any CPU
		{F233028B-FDFB-4FD4-B200-D14D3CD5632F}.Release|x86.Build.0 = Release|Any CPU
	EndGlobalSection
	GlobalSection(SolutionProperties) = preSolution
		HideSolutionNode = FALSE
	EndGlobalSection
EndGlobal
